
Microsoft Visual Studio Solution File, Format Version 12.00
# Visual Studio Version 17
VisualStudioVersion = 17.10.34916.146
MinimumVisualStudioVersion = 10.0.40219.1
Project("{2150E333-8FDC-42A3-9474-1A3956D46DE8}") = "00_opakovani", "00_opakovani", "{9F046174-FF0B-4F35-A5B9-3FBCE3341EFB}"
EndProject
Project("{9A19103F-16F7-4668-BE54-9A1E7A4F7556}") = "00_opakovai-01_hello-world", "01-hello-world\00_opakovai-01_hello-world.csproj", "{9E16FDE7-B417-4D1B-9CBB-356D32BBA10E}"
EndProject
Project("{9A19103F-16F7-4668-BE54-9A1E7A4F7556}") = "00_opakovani-01_je-prvocislo", "00_opakovani-01_je-prvocislo\00_opakovani-01_je-prvocislo.csproj", "{EA53B6DD-D47A-4EF7-ABC9-79786A7A2701}"
EndProject
Project("{9A19103F-16F7-4668-BE54-9A1E7A4F7556}") = "00_opakovani-pruchod_pole_po_indexech", "00_opakovani-pruchod_pole_po_indexech\00_opakovani-pruchod_pole_po_indexech.csproj", "{2D3D104A-0CFA-4B77-BB8B-842C3C18B077}"
EndProject
Project("{2150E333-8FDC-42A3-9474-1A3956D46DE8}") = "01_OOP", "01_OOP", "{862578DD-D688-4521-BC3D-EDF26952EF5A}"
EndProject
Project("{9A19103F-16F7-4668-BE54-9A1E7A4F7556}") = "01_OOP-01_Role", "01_OOP-01_Role\01_OOP-01_Role.csproj", "{1277926C-2301-4D4C-88ED-F9D3F7E59FCD}"
EndProject
Project("{9A19103F-16F7-4668-BE54-9A1E7A4F7556}") = "01_OOP-02_Tachometr", "01_OOP-02_Tachometr\01_OOP-02_Tachometr.csproj", "{6B82A4F9-F817-4229-BD1B-BD9CD57DF785}"
EndProject
Project("{9A19103F-16F7-4668-BE54-9A1E7A4F7556}") = "01_OOP-03_Test-vyrobku", "01_OOP-03_Test-vyrobku\01_OOP-03_Test-vyrobku.csproj", "{028CD0EB-FD86-4BB0-B5B5-7BAF2ECC7014}"
EndProject
Project("{9A19103F-16F7-4668-BE54-9A1E7A4F7556}") = "01_OOP-04_Lanovka", "01_OOP-04_Lanovka\01_OOP-04_Lanovka.csproj", "{DC9DF325-57D1-4E3D-A6B5-3A7349EB0B13}"
EndProject
Project("{9A19103F-16F7-4668-BE54-9A1E7A4F7556}") = "00-Rev-01-pod-limitem", "00-Rev-01-pod-limitem\00-Rev-01-pod-limitem.csproj", "{14EC3DA9-D623-4319-B4FC-78494BB2810D}"
EndProject
Project("{9A19103F-16F7-4668-BE54-9A1E7A4F7556}") = "00-Rev-01-pred-maximem", "00-Rev-01-pred-maximem\00-Rev-01-pred-maximem.csproj", "{AA81A43D-EA00-4FF2-99E7-B9768E0000D7}"
EndProject
Project("{9A19103F-16F7-4668-BE54-9A1E7A4F7556}") = "01_OOP-04_Lanovka2", "01_OOP-04_Lanovka2\01_OOP-04_Lanovka2.csproj", "{10647C70-EE8E-49AA-98B5-313002915AA1}"
EndProject
Project("{9A19103F-16F7-4668-BE54-9A1E7A4F7556}") = "01_OOP-06_Paginator", "01_OOP-06_Paginator\01_OOP-06_Paginator.csproj", "{E0B6A970-D88C-4F30-8A94-CA4F56A1A6E8}"
EndProject
Project("{9A19103F-16F7-4668-BE54-9A1E7A4F7556}") = "01_OOP-07_Loop", "01_OOP-07_Loop\01_OOP-07_Loop.csproj", "{1848A00D-471F-49E7-9202-EE105C9F6DDE}"
EndProject
Project("{2150E333-8FDC-42A3-9474-1A3956D46DE8}") = "02_OOP2-dedicnost", "02_OOP2-dedicnost", "{D38258CC-84A2-42E6-A9CA-C38A7B582565}"
EndProject
Project("{9A19103F-16F7-4668-BE54-9A1E7A4F7556}") = "02_OOP2-01_cunter", "02_OOP2-01_cunter\02_OOP2-01_cunter.csproj", "{68C638D7-1950-4FCE-9313-D62921A69151}"
EndProject
Project("{9A19103F-16F7-4668-BE54-9A1E7A4F7556}") = "02_OOP2-02_BankovniUcet", "02_OOP2-02_BankovniUcet\02_OOP2-02_BankovniUcet.csproj", "{A975EA8E-B0E4-4F40-A875-C2C39BF3B7DD}"
EndProject
Project("{9A19103F-16F7-4668-BE54-9A1E7A4F7556}") = "02_OOP2-03_Zamestnanci", "02_OOP2-03_Zamestnanci\02_OOP2-03_Zamestnanci.csproj", "{8E3C1584-799A-4DBB-B753-ACF85AF2EF0F}"
EndProject
Project("{9A19103F-16F7-4668-BE54-9A1E7A4F7556}") = "02_OOP2-04_DopravniProstredky", "02_OOP2-04_DopravniProstredky\02_OOP2-04_DopravniProstredky.csproj", "{B9AE9F33-2F77-48B7-A6C6-EF27668E4C1A}"
EndProject
Project("{FAE04EC0-301F-11D3-BF4B-00C04F79EFBC}") = "02_OOP2-06-cv-Utvary", "02_OOP2-06-cv-Utvary\02_OOP2-06-cv-Utvary.csproj", "{3AD3BCE9-2114-4907-8F62-D549A82207F3}"
EndProject
Project("{FAE04EC0-301F-11D3-BF4B-00C04F79EFBC}") = "02_OOP2-07_porovnani-stromu", "02_OOP2-07_porovnani-stromu\02_OOP2-07_porovnani-stromu.csproj", "{F7343609-0819-4759-8DA3-EBED0495E6A5}"
EndProject
Project("{FAE04EC0-301F-11D3-BF4B-00C04F79EFBC}") = "02_OOP2-08_IComparable-Body", "02_OOP2-08_IComparable-Body\02_OOP2-08_IComparable-Body.csproj", "{E92A9C30-84FF-4E42-A911-31E0461AF127}"
EndProject
Project("{FAE04EC0-301F-11D3-BF4B-00C04F79EFBC}") = "02_OOP2-09_IComparable-BMI", "02_OOP2-09_IComparable-BMI\02_OOP2-09_IComparable-BMI.csproj", "{5B657A9D-6792-44F1-888E-A3CCD00DE673}"
EndProject
Project("{FAE04EC0-301F-11D3-BF4B-00C04F79EFBC}") = "Test_zdroje-svetla_spotrebice", "Test\Test_zdroje-svetla_spotrebice.csproj", "{266A9A34-184B-4C54-9903-5F008AE4EDB5}"
EndProject
Project("{FAE04EC0-301F-11D3-BF4B-00C04F79EFBC}") = "03_OOP3-040-Obchodnici", "02_OOP2-10_Obchodnici\03_OOP3-040-Obchodnici.csproj", "{3B2F2935-D967-486D-8F6E-EF40169FE77B}"
EndProject
Project("{2150E333-8FDC-42A3-9474-1A3956D46DE8}") = "03_OOP3-kolekce", "03_OOP3-kolekce", "{FABB708D-52ED-4492-BF6C-0DE5A9D1A3B1}"
EndProject
Project("{FAE04EC0-301F-11D3-BF4B-00C04F79EFBC}") = "03_OOP3-030-Voziky", "04_OOP3-030-Voziky\03_OOP3-030-Voziky.csproj", "{3BA58E6B-3473-4188-908B-82D370C69A5B}"
EndProject
Project("{FAE04EC0-301F-11D3-BF4B-00C04F79EFBC}") = "03_OOP3-030-VozikyV2", "04_OOP3-030-VozikyV2\03_OOP3-030-VozikyV2.csproj", "{B37A1146-80D7-4085-B1FA-4B8643B79AE8}"
EndProject
Project("{FAE04EC0-301F-11D3-BF4B-00C04F79EFBC}") = "03_OOP3-08-Bludiste", "04-OOP3-08-Bludiste\03_OOP3-08-Bludiste.csproj", "{3FEA9FAD-5369-4861-B23A-DB0BCC0977D3}"
EndProject
Project("{FAE04EC0-301F-11D3-BF4B-00C04F79EFBC}") = "03_OOP3-09-Randomizer", "03_OOP3-09-Randomizer\03_OOP3-09-Randomizer.csproj", "{96E1CC2F-BE2B-492F-94C7-9E7543556084}"
EndProject
Project("{FAE04EC0-301F-11D3-BF4B-00C04F79EFBC}") = "04_Unit-testy_001", "03_OOP3-10-Unit_tests\04_Unit-testy_001.csproj", "{7A12FD67-931F-4F96-892C-605197FC9373}"
EndProject
Project("{2150E333-8FDC-42A3-9474-1A3956D46DE8}") = "04_Unit-testy", "04_Unit-testy", "{818C472F-C3C4-4EC7-9B42-730AF3CA93BD}"
EndProject
Project("{FAE04EC0-301F-11D3-BF4B-00C04F79EFBC}") = "04_Unit-testy_001Tests", "04_Unit-testy_001Tests\04_Unit-testy_001Tests.csproj", "{B7737600-2E89-4052-B57D-DDDF6F6E8D95}"
EndProject
Project("{2150E333-8FDC-42A3-9474-1A3956D46DE8}") = "05_Reference", "05_Reference", "{0AB11A5C-4A5F-475D-8774-3D4CE209102D}"
EndProject
Project("{FAE04EC0-301F-11D3-BF4B-00C04F79EFBC}") = "05_Ref_01_Library", "05_Ref_01_Library\05_Ref_01_Library.csproj", "{1FB45A0C-4F6A-45DD-B025-6A3BC8AE5D93}"
EndProject
Project("{FAE04EC0-301F-11D3-BF4B-00C04F79EFBC}") = "05_Ref_02_LibUsage", "05_Ref_02_LibUsage\05_Ref_02_LibUsage.csproj", "{99EC06D9-1DE8-48B6-8E47-235F608EAEA2}"
EndProject
Project("{2150E333-8FDC-42A3-9474-1A3956D46DE8}") = "06_DB", "06_DB", "{5807C7B5-CDA9-443C-992D-4DBDD04F2C6A}"
EndProject
Project("{FAE04EC0-301F-11D3-BF4B-00C04F79EFBC}") = "06_DB_01_SQL-Connection", "06_db\06_DB_01_SQL-Connection.csproj", "{F6CDDCBD-5FC5-40C2-9E90-54C73578DE6F}"
EndProject
Project("{FAE04EC0-301F-11D3-BF4B-00C04F79EFBC}") = "06_DB_02_EF-basics", "06_DB_02_EF-basics\06_DB_02_EF-basics.csproj", "{D04FA672-6C0F-4E4F-BB46-DC28CE518FA4}"
EndProject
Project("{FAE04EC0-301F-11D3-BF4B-00C04F79EFBC}") = "Projekt-prochazeni-stromu", "Projekt-prochazeni-stromu\Projekt-prochazeni-stromu.csproj", "{B4B7B5AB-BE44-4263-A8BA-ECB68F6635E5}"
EndProject
Global
	GlobalSection(SolutionConfigurationPlatforms) = preSolution
		Debug|Any CPU = Debug|Any CPU
		Release|Any CPU = Release|Any CPU
	EndGlobalSection
	GlobalSection(ProjectConfigurationPlatforms) = postSolution
		{9E16FDE7-B417-4D1B-9CBB-356D32BBA10E}.Debug|Any CPU.ActiveCfg = Debug|Any CPU
		{9E16FDE7-B417-4D1B-9CBB-356D32BBA10E}.Debug|Any CPU.Build.0 = Debug|Any CPU
		{9E16FDE7-B417-4D1B-9CBB-356D32BBA10E}.Release|Any CPU.ActiveCfg = Release|Any CPU
		{9E16FDE7-B417-4D1B-9CBB-356D32BBA10E}.Release|Any CPU.Build.0 = Release|Any CPU
		{EA53B6DD-D47A-4EF7-ABC9-79786A7A2701}.Debug|Any CPU.ActiveCfg = Debug|Any CPU
		{EA53B6DD-D47A-4EF7-ABC9-79786A7A2701}.Debug|Any CPU.Build.0 = Debug|Any CPU
		{EA53B6DD-D47A-4EF7-ABC9-79786A7A2701}.Release|Any CPU.ActiveCfg = Release|Any CPU
		{EA53B6DD-D47A-4EF7-ABC9-79786A7A2701}.Release|Any CPU.Build.0 = Release|Any CPU
		{2D3D104A-0CFA-4B77-BB8B-842C3C18B077}.Debug|Any CPU.ActiveCfg = Debug|Any CPU
		{2D3D104A-0CFA-4B77-BB8B-842C3C18B077}.Debug|Any CPU.Build.0 = Debug|Any CPU
		{2D3D104A-0CFA-4B77-BB8B-842C3C18B077}.Release|Any CPU.ActiveCfg = Release|Any CPU
		{2D3D104A-0CFA-4B77-BB8B-842C3C18B077}.Release|Any CPU.Build.0 = Release|Any CPU
		{1277926C-2301-4D4C-88ED-F9D3F7E59FCD}.Debug|Any CPU.ActiveCfg = Debug|Any CPU
		{1277926C-2301-4D4C-88ED-F9D3F7E59FCD}.Debug|Any CPU.Build.0 = Debug|Any CPU
		{1277926C-2301-4D4C-88ED-F9D3F7E59FCD}.Release|Any CPU.ActiveCfg = Release|Any CPU
		{1277926C-2301-4D4C-88ED-F9D3F7E59FCD}.Release|Any CPU.Build.0 = Release|Any CPU
		{6B82A4F9-F817-4229-BD1B-BD9CD57DF785}.Debug|Any CPU.ActiveCfg = Debug|Any CPU
		{6B82A4F9-F817-4229-BD1B-BD9CD57DF785}.Debug|Any CPU.Build.0 = Debug|Any CPU
		{6B82A4F9-F817-4229-BD1B-BD9CD57DF785}.Release|Any CPU.ActiveCfg = Release|Any CPU
		{6B82A4F9-F817-4229-BD1B-BD9CD57DF785}.Release|Any CPU.Build.0 = Release|Any CPU
		{028CD0EB-FD86-4BB0-B5B5-7BAF2ECC7014}.Debug|Any CPU.ActiveCfg = Debug|Any CPU
		{028CD0EB-FD86-4BB0-B5B5-7BAF2ECC7014}.Debug|Any CPU.Build.0 = Debug|Any CPU
		{028CD0EB-FD86-4BB0-B5B5-7BAF2ECC7014}.Release|Any CPU.ActiveCfg = Release|Any CPU
		{028CD0EB-FD86-4BB0-B5B5-7BAF2ECC7014}.Release|Any CPU.Build.0 = Release|Any CPU
		{DC9DF325-57D1-4E3D-A6B5-3A7349EB0B13}.Debug|Any CPU.ActiveCfg = Debug|Any CPU
		{DC9DF325-57D1-4E3D-A6B5-3A7349EB0B13}.Debug|Any CPU.Build.0 = Debug|Any CPU
		{DC9DF325-57D1-4E3D-A6B5-3A7349EB0B13}.Release|Any CPU.ActiveCfg = Release|Any CPU
		{DC9DF325-57D1-4E3D-A6B5-3A7349EB0B13}.Release|Any CPU.Build.0 = Release|Any CPU
		{14EC3DA9-D623-4319-B4FC-78494BB2810D}.Debug|Any CPU.ActiveCfg = Debug|Any CPU
		{14EC3DA9-D623-4319-B4FC-78494BB2810D}.Debug|Any CPU.Build.0 = Debug|Any CPU
		{14EC3DA9-D623-4319-B4FC-78494BB2810D}.Release|Any CPU.ActiveCfg = Release|Any CPU
		{14EC3DA9-D623-4319-B4FC-78494BB2810D}.Release|Any CPU.Build.0 = Release|Any CPU
		{AA81A43D-EA00-4FF2-99E7-B9768E0000D7}.Debug|Any CPU.ActiveCfg = Debug|Any CPU
		{AA81A43D-EA00-4FF2-99E7-B9768E0000D7}.Debug|Any CPU.Build.0 = Debug|Any CPU
		{AA81A43D-EA00-4FF2-99E7-B9768E0000D7}.Release|Any CPU.ActiveCfg = Release|Any CPU
		{AA81A43D-EA00-4FF2-99E7-B9768E0000D7}.Release|Any CPU.Build.0 = Release|Any CPU
		{10647C70-EE8E-49AA-98B5-313002915AA1}.Debug|Any CPU.ActiveCfg = Debug|Any CPU
		{10647C70-EE8E-49AA-98B5-313002915AA1}.Debug|Any CPU.Build.0 = Debug|Any CPU
		{10647C70-EE8E-49AA-98B5-313002915AA1}.Release|Any CPU.ActiveCfg = Release|Any CPU
		{10647C70-EE8E-49AA-98B5-313002915AA1}.Release|Any CPU.Build.0 = Release|Any CPU
		{E0B6A970-D88C-4F30-8A94-CA4F56A1A6E8}.Debug|Any CPU.ActiveCfg = Debug|Any CPU
		{E0B6A970-D88C-4F30-8A94-CA4F56A1A6E8}.Debug|Any CPU.Build.0 = Debug|Any CPU
		{E0B6A970-D88C-4F30-8A94-CA4F56A1A6E8}.Release|Any CPU.ActiveCfg = Release|Any CPU
		{E0B6A970-D88C-4F30-8A94-CA4F56A1A6E8}.Release|Any CPU.Build.0 = Release|Any CPU
		{1848A00D-471F-49E7-9202-EE105C9F6DDE}.Debug|Any CPU.ActiveCfg = Debug|Any CPU
		{1848A00D-471F-49E7-9202-EE105C9F6DDE}.Debug|Any CPU.Build.0 = Debug|Any CPU
		{1848A00D-471F-49E7-9202-EE105C9F6DDE}.Release|Any CPU.ActiveCfg = Release|Any CPU
		{1848A00D-471F-49E7-9202-EE105C9F6DDE}.Release|Any CPU.Build.0 = Release|Any CPU
		{68C638D7-1950-4FCE-9313-D62921A69151}.Debug|Any CPU.ActiveCfg = Debug|Any CPU
		{68C638D7-1950-4FCE-9313-D62921A69151}.Debug|Any CPU.Build.0 = Debug|Any CPU
		{68C638D7-1950-4FCE-9313-D62921A69151}.Release|Any CPU.ActiveCfg = Release|Any CPU
		{68C638D7-1950-4FCE-9313-D62921A69151}.Release|Any CPU.Build.0 = Release|Any CPU
		{A975EA8E-B0E4-4F40-A875-C2C39BF3B7DD}.Debug|Any CPU.ActiveCfg = Debug|Any CPU
		{A975EA8E-B0E4-4F40-A875-C2C39BF3B7DD}.Debug|Any CPU.Build.0 = Debug|Any CPU
		{A975EA8E-B0E4-4F40-A875-C2C39BF3B7DD}.Release|Any CPU.ActiveCfg = Release|Any CPU
		{A975EA8E-B0E4-4F40-A875-C2C39BF3B7DD}.Release|Any CPU.Build.0 = Release|Any CPU
		{8E3C1584-799A-4DBB-B753-ACF85AF2EF0F}.Debug|Any CPU.ActiveCfg = Debug|Any CPU
		{8E3C1584-799A-4DBB-B753-ACF85AF2EF0F}.Debug|Any CPU.Build.0 = Debug|Any CPU
		{8E3C1584-799A-4DBB-B753-ACF85AF2EF0F}.Release|Any CPU.ActiveCfg = Release|Any CPU
		{8E3C1584-799A-4DBB-B753-ACF85AF2EF0F}.Release|Any CPU.Build.0 = Release|Any CPU
		{B9AE9F33-2F77-48B7-A6C6-EF27668E4C1A}.Debug|Any CPU.ActiveCfg = Debug|Any CPU
		{B9AE9F33-2F77-48B7-A6C6-EF27668E4C1A}.Debug|Any CPU.Build.0 = Debug|Any CPU
		{B9AE9F33-2F77-48B7-A6C6-EF27668E4C1A}.Release|Any CPU.ActiveCfg = Release|Any CPU
		{B9AE9F33-2F77-48B7-A6C6-EF27668E4C1A}.Release|Any CPU.Build.0 = Release|Any CPU
		{3AD3BCE9-2114-4907-8F62-D549A82207F3}.Debug|Any CPU.ActiveCfg = Debug|Any CPU
		{3AD3BCE9-2114-4907-8F62-D549A82207F3}.Debug|Any CPU.Build.0 = Debug|Any CPU
		{3AD3BCE9-2114-4907-8F62-D549A82207F3}.Release|Any CPU.ActiveCfg = Release|Any CPU
		{3AD3BCE9-2114-4907-8F62-D549A82207F3}.Release|Any CPU.Build.0 = Release|Any CPU
		{F7343609-0819-4759-8DA3-EBED0495E6A5}.Debug|Any CPU.ActiveCfg = Debug|Any CPU
		{F7343609-0819-4759-8DA3-EBED0495E6A5}.Debug|Any CPU.Build.0 = Debug|Any CPU
		{F7343609-0819-4759-8DA3-EBED0495E6A5}.Release|Any CPU.ActiveCfg = Release|Any CPU
		{F7343609-0819-4759-8DA3-EBED0495E6A5}.Release|Any CPU.Build.0 = Release|Any CPU
		{E92A9C30-84FF-4E42-A911-31E0461AF127}.Debug|Any CPU.ActiveCfg = Debug|Any CPU
		{E92A9C30-84FF-4E42-A911-31E0461AF127}.Debug|Any CPU.Build.0 = Debug|Any CPU
		{E92A9C30-84FF-4E42-A911-31E0461AF127}.Release|Any CPU.ActiveCfg = Release|Any CPU
		{E92A9C30-84FF-4E42-A911-31E0461AF127}.Release|Any CPU.Build.0 = Release|Any CPU
		{5B657A9D-6792-44F1-888E-A3CCD00DE673}.Debug|Any CPU.ActiveCfg = Debug|Any CPU
		{5B657A9D-6792-44F1-888E-A3CCD00DE673}.Debug|Any CPU.Build.0 = Debug|Any CPU
		{5B657A9D-6792-44F1-888E-A3CCD00DE673}.Release|Any CPU.ActiveCfg = Release|Any CPU
		{5B657A9D-6792-44F1-888E-A3CCD00DE673}.Release|Any CPU.Build.0 = Release|Any CPU
		{266A9A34-184B-4C54-9903-5F008AE4EDB5}.Debug|Any CPU.ActiveCfg = Debug|Any CPU
		{266A9A34-184B-4C54-9903-5F008AE4EDB5}.Debug|Any CPU.Build.0 = Debug|Any CPU
		{266A9A34-184B-4C54-9903-5F008AE4EDB5}.Release|Any CPU.ActiveCfg = Release|Any CPU
		{266A9A34-184B-4C54-9903-5F008AE4EDB5}.Release|Any CPU.Build.0 = Release|Any CPU
		{3B2F2935-D967-486D-8F6E-EF40169FE77B}.Debug|Any CPU.ActiveCfg = Debug|Any CPU
		{3B2F2935-D967-486D-8F6E-EF40169FE77B}.Debug|Any CPU.Build.0 = Debug|Any CPU
		{3B2F2935-D967-486D-8F6E-EF40169FE77B}.Release|Any CPU.ActiveCfg = Release|Any CPU
		{3B2F2935-D967-486D-8F6E-EF40169FE77B}.Release|Any CPU.Build.0 = Release|Any CPU
		{3BA58E6B-3473-4188-908B-82D370C69A5B}.Debug|Any CPU.ActiveCfg = Debug|Any CPU
		{3BA58E6B-3473-4188-908B-82D370C69A5B}.Debug|Any CPU.Build.0 = Debug|Any CPU
		{3BA58E6B-3473-4188-908B-82D370C69A5B}.Release|Any CPU.ActiveCfg = Release|Any CPU
		{3BA58E6B-3473-4188-908B-82D370C69A5B}.Release|Any CPU.Build.0 = Release|Any CPU
		{B37A1146-80D7-4085-B1FA-4B8643B79AE8}.Debug|Any CPU.ActiveCfg = Debug|Any CPU
		{B37A1146-80D7-4085-B1FA-4B8643B79AE8}.Debug|Any CPU.Build.0 = Debug|Any CPU
		{B37A1146-80D7-4085-B1FA-4B8643B79AE8}.Release|Any CPU.ActiveCfg = Release|Any CPU
		{B37A1146-80D7-4085-B1FA-4B8643B79AE8}.Release|Any CPU.Build.0 = Release|Any CPU
		{3FEA9FAD-5369-4861-B23A-DB0BCC0977D3}.Debug|Any CPU.ActiveCfg = Debug|Any CPU
		{3FEA9FAD-5369-4861-B23A-DB0BCC0977D3}.Debug|Any CPU.Build.0 = Debug|Any CPU
		{3FEA9FAD-5369-4861-B23A-DB0BCC0977D3}.Release|Any CPU.ActiveCfg = Release|Any CPU
		{3FEA9FAD-5369-4861-B23A-DB0BCC0977D3}.Release|Any CPU.Build.0 = Release|Any CPU
		{96E1CC2F-BE2B-492F-94C7-9E7543556084}.Debug|Any CPU.ActiveCfg = Debug|Any CPU
		{96E1CC2F-BE2B-492F-94C7-9E7543556084}.Debug|Any CPU.Build.0 = Debug|Any CPU
		{96E1CC2F-BE2B-492F-94C7-9E7543556084}.Release|Any CPU.ActiveCfg = Release|Any CPU
		{96E1CC2F-BE2B-492F-94C7-9E7543556084}.Release|Any CPU.Build.0 = Release|Any CPU
		{7A12FD67-931F-4F96-892C-605197FC9373}.Debug|Any CPU.ActiveCfg = Debug|Any CPU
		{7A12FD67-931F-4F96-892C-605197FC9373}.Debug|Any CPU.Build.0 = Debug|Any CPU
		{7A12FD67-931F-4F96-892C-605197FC9373}.Release|Any CPU.ActiveCfg = Release|Any CPU
		{7A12FD67-931F-4F96-892C-605197FC9373}.Release|Any CPU.Build.0 = Release|Any CPU
		{B7737600-2E89-4052-B57D-DDDF6F6E8D95}.Debug|Any CPU.ActiveCfg = Debug|Any CPU
		{B7737600-2E89-4052-B57D-DDDF6F6E8D95}.Debug|Any CPU.Build.0 = Debug|Any CPU
		{B7737600-2E89-4052-B57D-DDDF6F6E8D95}.Release|Any CPU.ActiveCfg = Release|Any CPU
		{B7737600-2E89-4052-B57D-DDDF6F6E8D95}.Release|Any CPU.Build.0 = Release|Any CPU
		{1FB45A0C-4F6A-45DD-B025-6A3BC8AE5D93}.Debug|Any CPU.ActiveCfg = Debug|Any CPU
		{1FB45A0C-4F6A-45DD-B025-6A3BC8AE5D93}.Debug|Any CPU.Build.0 = Debug|Any CPU
		{1FB45A0C-4F6A-45DD-B025-6A3BC8AE5D93}.Release|Any CPU.ActiveCfg = Release|Any CPU
		{1FB45A0C-4F6A-45DD-B025-6A3BC8AE5D93}.Release|Any CPU.Build.0 = Release|Any CPU
		{99EC06D9-1DE8-48B6-8E47-235F608EAEA2}.Debug|Any CPU.ActiveCfg = Debug|Any CPU
		{99EC06D9-1DE8-48B6-8E47-235F608EAEA2}.Debug|Any CPU.Build.0 = Debug|Any CPU
		{99EC06D9-1DE8-48B6-8E47-235F608EAEA2}.Release|Any CPU.ActiveCfg = Release|Any CPU
		{99EC06D9-1DE8-48B6-8E47-235F608EAEA2}.Release|Any CPU.Build.0 = Release|Any CPU
		{F6CDDCBD-5FC5-40C2-9E90-54C73578DE6F}.Debug|Any CPU.ActiveCfg = Debug|Any CPU
		{F6CDDCBD-5FC5-40C2-9E90-54C73578DE6F}.Debug|Any CPU.Build.0 = Debug|Any CPU
		{F6CDDCBD-5FC5-40C2-9E90-54C73578DE6F}.Release|Any CPU.ActiveCfg = Release|Any CPU
		{F6CDDCBD-5FC5-40C2-9E90-54C73578DE6F}.Release|Any CPU.Build.0 = Release|Any CPU
		{D04FA672-6C0F-4E4F-BB46-DC28CE518FA4}.Debug|Any CPU.ActiveCfg = Debug|Any CPU
		{D04FA672-6C0F-4E4F-BB46-DC28CE518FA4}.Debug|Any CPU.Build.0 = Debug|Any CPU
		{D04FA672-6C0F-4E4F-BB46-DC28CE518FA4}.Release|Any CPU.ActiveCfg = Release|Any CPU
		{D04FA672-6C0F-4E4F-BB46-DC28CE518FA4}.Release|Any CPU.Build.0 = Release|Any CPU
		{B4B7B5AB-BE44-4263-A8BA-ECB68F6635E5}.Debug|Any CPU.ActiveCfg = Debug|Any CPU
		{B4B7B5AB-BE44-4263-A8BA-ECB68F6635E5}.Debug|Any CPU.Build.0 = Debug|Any CPU
		{B4B7B5AB-BE44-4263-A8BA-ECB68F6635E5}.Release|Any CPU.ActiveCfg = Release|Any CPU
		{B4B7B5AB-BE44-4263-A8BA-ECB68F6635E5}.Release|Any CPU.Build.0 = Release|Any CPU
	EndGlobalSection
	GlobalSection(SolutionProperties) = preSolution
		HideSolutionNode = FALSE
	EndGlobalSection
	GlobalSection(NestedProjects) = preSolution
		{9E16FDE7-B417-4D1B-9CBB-356D32BBA10E} = {9F046174-FF0B-4F35-A5B9-3FBCE3341EFB}
		{EA53B6DD-D47A-4EF7-ABC9-79786A7A2701} = {9F046174-FF0B-4F35-A5B9-3FBCE3341EFB}
		{2D3D104A-0CFA-4B77-BB8B-842C3C18B077} = {9F046174-FF0B-4F35-A5B9-3FBCE3341EFB}
		{1277926C-2301-4D4C-88ED-F9D3F7E59FCD} = {862578DD-D688-4521-BC3D-EDF26952EF5A}
		{6B82A4F9-F817-4229-BD1B-BD9CD57DF785} = {862578DD-D688-4521-BC3D-EDF26952EF5A}
		{028CD0EB-FD86-4BB0-B5B5-7BAF2ECC7014} = {862578DD-D688-4521-BC3D-EDF26952EF5A}
		{DC9DF325-57D1-4E3D-A6B5-3A7349EB0B13} = {862578DD-D688-4521-BC3D-EDF26952EF5A}
		{14EC3DA9-D623-4319-B4FC-78494BB2810D} = {862578DD-D688-4521-BC3D-EDF26952EF5A}
		{AA81A43D-EA00-4FF2-99E7-B9768E0000D7} = {862578DD-D688-4521-BC3D-EDF26952EF5A}
		{10647C70-EE8E-49AA-98B5-313002915AA1} = {862578DD-D688-4521-BC3D-EDF26952EF5A}
		{E0B6A970-D88C-4F30-8A94-CA4F56A1A6E8} = {862578DD-D688-4521-BC3D-EDF26952EF5A}
		{1848A00D-471F-49E7-9202-EE105C9F6DDE} = {862578DD-D688-4521-BC3D-EDF26952EF5A}
		{68C638D7-1950-4FCE-9313-D62921A69151} = {D38258CC-84A2-42E6-A9CA-C38A7B582565}
		{A975EA8E-B0E4-4F40-A875-C2C39BF3B7DD} = {D38258CC-84A2-42E6-A9CA-C38A7B582565}
		{8E3C1584-799A-4DBB-B753-ACF85AF2EF0F} = {D38258CC-84A2-42E6-A9CA-C38A7B582565}
		{B9AE9F33-2F77-48B7-A6C6-EF27668E4C1A} = {D38258CC-84A2-42E6-A9CA-C38A7B582565}
		{3AD3BCE9-2114-4907-8F62-D549A82207F3} = {D38258CC-84A2-42E6-A9CA-C38A7B582565}
		{F7343609-0819-4759-8DA3-EBED0495E6A5} = {D38258CC-84A2-42E6-A9CA-C38A7B582565}
		{E92A9C30-84FF-4E42-A911-31E0461AF127} = {D38258CC-84A2-42E6-A9CA-C38A7B582565}
		{5B657A9D-6792-44F1-888E-A3CCD00DE673} = {D38258CC-84A2-42E6-A9CA-C38A7B582565}
		{266A9A34-184B-4C54-9903-5F008AE4EDB5} = {D38258CC-84A2-42E6-A9CA-C38A7B582565}
		{3B2F2935-D967-486D-8F6E-EF40169FE77B} = {FABB708D-52ED-4492-BF6C-0DE5A9D1A3B1}
		{3BA58E6B-3473-4188-908B-82D370C69A5B} = {FABB708D-52ED-4492-BF6C-0DE5A9D1A3B1}
		{B37A1146-80D7-4085-B1FA-4B8643B79AE8} = {FABB708D-52ED-4492-BF6C-0DE5A9D1A3B1}
		{3FEA9FAD-5369-4861-B23A-DB0BCC0977D3} = {FABB708D-52ED-4492-BF6C-0DE5A9D1A3B1}
		{96E1CC2F-BE2B-492F-94C7-9E7543556084} = {FABB708D-52ED-4492-BF6C-0DE5A9D1A3B1}
		{7A12FD67-931F-4F96-892C-605197FC9373} = {818C472F-C3C4-4EC7-9B42-730AF3CA93BD}
		{1FB45A0C-4F6A-45DD-B025-6A3BC8AE5D93} = {0AB11A5C-4A5F-475D-8774-3D4CE209102D}
		{99EC06D9-1DE8-48B6-8E47-235F608EAEA2} = {0AB11A5C-4A5F-475D-8774-3D4CE209102D}
		{F6CDDCBD-5FC5-40C2-9E90-54C73578DE6F} = {5807C7B5-CDA9-443C-992D-4DBDD04F2C6A}
		{D04FA672-6C0F-4E4F-BB46-DC28CE518FA4} = {5807C7B5-CDA9-443C-992D-4DBDD04F2C6A}
	EndGlobalSection
	GlobalSection(ExtensibilityGlobals) = postSolution
		SolutionGuid = {9CE84683-64D8-40B6-8E8C-E02D55EFB044}
	EndGlobalSection
EndGlobal
