
Microsoft Visual Studio Solution File, Format Version 12.00
# Visual Studio Version 17
VisualStudioVersion = 17.10.34916.146
MinimumVisualStudioVersion = 10.0.40219.1
Project("{2150E333-8FDC-42A3-9474-1A3956D46DE8}") = "00_opakovani", "00_opakovani", "{9F046174-FF0B-4F35-A5B9-3FBCE3341EFB}"
EndProject
Project("{9A19103F-16F7-4668-BE54-9A1E7A4F7556}") = "00_opakovai-01_hello-world", "01-hello-world\00_opakovai-01_hello-world.csproj", "{9E16FDE7-B417-4D1B-9CBB-356D32BBA10E}"
EndProject
Project("{9A19103F-16F7-4668-BE54-9A1E7A4F7556}") = "00_opakovani-01_je-prvocislo", "00_opakovani-01_je-prvocislo\00_opakovani-01_je-prvocislo.csproj", "{EA53B6DD-D47A-4EF7-ABC9-79786A7A2701}"
EndProject
Project("{9A19103F-16F7-4668-BE54-9A1E7A4F7556}") = "00_opakovani-pruchod_pole_po_indexech", "00_opakovani-pruchod_pole_po_indexech\00_opakovani-pruchod_pole_po_indexech.csproj", "{2D3D104A-0CFA-4B77-BB8B-842C3C18B077}"
EndProject
Project("{2150E333-8FDC-42A3-9474-1A3956D46DE8}") = "01_OOP", "01_OOP", "{862578DD-D688-4521-BC3D-EDF26952EF5A}"
EndProject
Project("{FAE04EC0-301F-11D3-BF4B-00C04F79EFBC}") = "01_OOP-01_Role", "01_OOP-01_Role\01_OOP-01_Role.csproj", "{1277926C-2301-4D4C-88ED-F9D3F7E59FCD}"
EndProject
Project("{FAE04EC0-301F-11D3-BF4B-00C04F79EFBC}") = "01_OOP-02_Tachometr", "01_OOP-02_Tachometr\01_OOP-02_Tachometr.csproj", "{6B82A4F9-F817-4229-BD1B-BD9CD57DF785}"
EndProject
Global
	GlobalSection(SolutionConfigurationPlatforms) = preSolution
		Debug|Any CPU = Debug|Any CPU
		Release|Any CPU = Release|Any CPU
	EndGlobalSection
	GlobalSection(ProjectConfigurationPlatforms) = postSolution
		{9E16FDE7-B417-4D1B-9CBB-356D32BBA10E}.Debug|Any CPU.ActiveCfg = Debug|Any CPU
		{9E16FDE7-B417-4D1B-9CBB-356D32BBA10E}.Debug|Any CPU.Build.0 = Debug|Any CPU
		{9E16FDE7-B417-4D1B-9CBB-356D32BBA10E}.Release|Any CPU.ActiveCfg = Release|Any CPU
		{9E16FDE7-B417-4D1B-9CBB-356D32BBA10E}.Release|Any CPU.Build.0 = Release|Any CPU
		{EA53B6DD-D47A-4EF7-ABC9-79786A7A2701}.Debug|Any CPU.ActiveCfg = Debug|Any CPU
		{EA53B6DD-D47A-4EF7-ABC9-79786A7A2701}.Debug|Any CPU.Build.0 = Debug|Any CPU
		{EA53B6DD-D47A-4EF7-ABC9-79786A7A2701}.Release|Any CPU.ActiveCfg = Release|Any CPU
		{EA53B6DD-D47A-4EF7-ABC9-79786A7A2701}.Release|Any CPU.Build.0 = Release|Any CPU
		{2D3D104A-0CFA-4B77-BB8B-842C3C18B077}.Debug|Any CPU.ActiveCfg = Debug|Any CPU
		{2D3D104A-0CFA-4B77-BB8B-842C3C18B077}.Debug|Any CPU.Build.0 = Debug|Any CPU
		{2D3D104A-0CFA-4B77-BB8B-842C3C18B077}.Release|Any CPU.ActiveCfg = Release|Any CPU
		{2D3D104A-0CFA-4B77-BB8B-842C3C18B077}.Release|Any CPU.Build.0 = Release|Any CPU
		{1277926C-2301-4D4C-88ED-F9D3F7E59FCD}.Debug|Any CPU.ActiveCfg = Debug|Any CPU
		{1277926C-2301-4D4C-88ED-F9D3F7E59FCD}.Debug|Any CPU.Build.0 = Debug|Any CPU
		{1277926C-2301-4D4C-88ED-F9D3F7E59FCD}.Release|Any CPU.ActiveCfg = Release|Any CPU
		{1277926C-2301-4D4C-88ED-F9D3F7E59FCD}.Release|Any CPU.Build.0 = Release|Any CPU
		{6B82A4F9-F817-4229-BD1B-BD9CD57DF785}.Debug|Any CPU.ActiveCfg = Debug|Any CPU
		{6B82A4F9-F817-4229-BD1B-BD9CD57DF785}.Debug|Any CPU.Build.0 = Debug|Any CPU
		{6B82A4F9-F817-4229-BD1B-BD9CD57DF785}.Release|Any CPU.ActiveCfg = Release|Any CPU
		{6B82A4F9-F817-4229-BD1B-BD9CD57DF785}.Release|Any CPU.Build.0 = Release|Any CPU
	EndGlobalSection
	GlobalSection(SolutionProperties) = preSolution
		HideSolutionNode = FALSE
	EndGlobalSection
	GlobalSection(NestedProjects) = preSolution
		{9E16FDE7-B417-4D1B-9CBB-356D32BBA10E} = {9F046174-FF0B-4F35-A5B9-3FBCE3341EFB}
		{EA53B6DD-D47A-4EF7-ABC9-79786A7A2701} = {9F046174-FF0B-4F35-A5B9-3FBCE3341EFB}
		{2D3D104A-0CFA-4B77-BB8B-842C3C18B077} = {9F046174-FF0B-4F35-A5B9-3FBCE3341EFB}
		{1277926C-2301-4D4C-88ED-F9D3F7E59FCD} = {862578DD-D688-4521-BC3D-EDF26952EF5A}
		{6B82A4F9-F817-4229-BD1B-BD9CD57DF785} = {862578DD-D688-4521-BC3D-EDF26952EF5A}
	EndGlobalSection
	GlobalSection(ExtensibilityGlobals) = postSolution
		SolutionGuid = {9CE84683-64D8-40B6-8E8C-E02D55EFB044}
	EndGlobalSection
EndGlobal
